
Microsoft Visual Studio Solution File, Format Version 12.00
# Visual Studio Version 16
VisualStudioVersion = 16.0.33423.256
MinimumVisualStudioVersion = 10.0.40219.1
Project("{8BC9CEB8-8B4A-11D0-8D11-00A0C91BC942}") = "day_12", "day_12\day_12.vcxproj", "{F47DDC7B-2E54-4523-B23A-8C122CAD94DB}"
EndProject
Global
	GlobalSection(SolutionConfigurationPlatforms) = preSolution
		Debug|x64 = Debug|x64
		Debug|x86 = Debug|x86
		Release|x64 = Release|x64
		Release|x86 = Release|x86
	EndGlobalSection
	GlobalSection(ProjectConfigurationPlatforms) = postSolution
		{F47DDC7B-2E54-4523-B23A-8C122CAD94DB}.Debug|x64.ActiveCfg = Debug|x64
		{F47DDC7B-2E54-4523-B23A-8C122CAD94DB}.Debug|x64.Build.0 = Debug|x64
		{F47DDC7B-2E54-4523-B23A-8C122CAD94DB}.Debug|x86.ActiveCfg = Debug|Win32
		{F47DDC7B-2E54-4523-B23A-8C122CAD94DB}.Debug|x86.Build.0 = Debug|Win32
		{F47DDC7B-2E54-4523-B23A-8C122CAD94DB}.Release|x64.ActiveCfg = Release|x64
		{F47DDC7B-2E54-4523-B23A-8C122CAD94DB}.Release|x64.Build.0 = Release|x64
		{F47DDC7B-2E54-4523-B23A-8C122CAD94DB}.Release|x86.ActiveCfg = Release|Win32
		{F47DDC7B-2E54-4523-B23A-8C122CAD94DB}.Release|x86.Build.0 = Release|Win32
	EndGlobalSection
	GlobalSection(SolutionProperties) = preSolution
		HideSolutionNode = FALSE
	EndGlobalSection
	GlobalSection(ExtensibilityGlobals) = postSolution
		SolutionGuid = {58E92373-544F-4B06-B3E0-05F49225FB58}
	EndGlobalSection
EndGlobal
