
Microsoft Visual Studio Solution File, Format Version 12.00
# Visual Studio Version 16
VisualStudioVersion = 16.0.33423.256
MinimumVisualStudioVersion = 10.0.40219.1
Project("{8BC9CEB8-8B4A-11D0-8D11-00A0C91BC942}") = "day_05", "day_05\day_05.vcxproj", "{AC72F541-7EE5-4CE1-AE97-DB09C1C2CE64}"
EndProject
Global
	GlobalSection(SolutionConfigurationPlatforms) = preSolution
		Debug|x64 = Debug|x64
		Debug|x86 = Debug|x86
		Release|x64 = Release|x64
		Release|x86 = Release|x86
	EndGlobalSection
	GlobalSection(ProjectConfigurationPlatforms) = postSolution
		{AC72F541-7EE5-4CE1-AE97-DB09C1C2CE64}.Debug|x64.ActiveCfg = Debug|x64
		{AC72F541-7EE5-4CE1-AE97-DB09C1C2CE64}.Debug|x64.Build.0 = Debug|x64
		{AC72F541-7EE5-4CE1-AE97-DB09C1C2CE64}.Debug|x86.ActiveCfg = Debug|Win32
		{AC72F541-7EE5-4CE1-AE97-DB09C1C2CE64}.Debug|x86.Build.0 = Debug|Win32
		{AC72F541-7EE5-4CE1-AE97-DB09C1C2CE64}.Release|x64.ActiveCfg = Release|x64
		{AC72F541-7EE5-4CE1-AE97-DB09C1C2CE64}.Release|x64.Build.0 = Release|x64
		{AC72F541-7EE5-4CE1-AE97-DB09C1C2CE64}.Release|x86.ActiveCfg = Release|Win32
		{AC72F541-7EE5-4CE1-AE97-DB09C1C2CE64}.Release|x86.Build.0 = Release|Win32
	EndGlobalSection
	GlobalSection(SolutionProperties) = preSolution
		HideSolutionNode = FALSE
	EndGlobalSection
	GlobalSection(ExtensibilityGlobals) = postSolution
		SolutionGuid = {27A817E2-7E66-4B5C-86DD-A006F046C23D}
	EndGlobalSection
EndGlobal
